
Microsoft Visual Studio Solution File, Format Version 12.00
Project("{2150E333-8FDC-42A3-9474-1A3956D46DE8}") = "Common", "Common", "{E95BCFCE-FA9E-4E24-B362-939A12CE6848}"
EndProject
Project("{FAE04EC0-301F-11D3-BF4B-00C04F79EFBC}") = "POD.Common.Core", "Common\Core\POD.Common.Core.csproj", "{395517A6-7973-4051-B25C-B634D7717E62}"
EndProject
Project("{FAE04EC0-301F-11D3-BF4B-00C04F79EFBC}") = "POD.Common.Database", "Common\Database\POD.Common.Database.csproj", "{7A37BC61-D33D-42D4-9637-3D2C1138E7DE}"
EndProject
Project("{FAE04EC0-301F-11D3-BF4B-00C04F79EFBC}") = "POD.Common.Service", "Common\Service\POD.Common.Service.csproj", "{0EAFF4E7-FFC5-4E93-A308-FD4C6D07C02C}"
EndProject
Project("{FAE04EC0-301F-11D3-BF4B-00C04F79EFBC}") = "POD.Common.Utils", "Common\Utils\POD.Common.Utils.csproj", "{F2D87C8E-FA03-4257-81C0-DF0D6E788804}"
EndProject
Project("{2150E333-8FDC-42A3-9474-1A3956D46DE8}") = "Integrations", "Integrations", "{8D44D914-150F-4B04-AF37-978851849C61}"
EndProject
Project("{FAE04EC0-301F-11D3-BF4B-00C04F79EFBC}") = "POD.Integrations.BlobClient", "Integrations\BlobClient\POD.Integrations.BlobClient.csproj", "{539F0CF0-0378-4205-84C0-3F8BC2FFD9DC}"
EndProject
Project("{FAE04EC0-301F-11D3-BF4B-00C04F79EFBC}") = "POD.Integrations.BrainTreeClient", "Integrations\BrainTreeClient\POD.Integrations.BrainTreeClient.csproj", "{39748C5C-A222-4780-A37C-FD18F7008F3E}"
EndProject
Project("{FAE04EC0-301F-11D3-BF4B-00C04F79EFBC}") = "POD.Integrations.ServiceBusClient", "Integrations\ServiceBusClient\POD.Integrations.ServiceBusClient.csproj", "{5538D16B-EB1A-4149-B28B-CA3D858FE250}"
EndProject
Project("{FAE04EC0-301F-11D3-BF4B-00C04F79EFBC}") = "POD.Integrations.StripeClient", "Integrations\StripeClient\POD.Integrations.StripeClient.csproj", "{B274405A-74E9-4DDA-B9F9-EBBDB8354E9E}"
EndProject
Project("{FAE04EC0-301F-11D3-BF4B-00C04F79EFBC}") = "POD.Integrations.ShopifyClient", "Integrations\ShopifyClient\POD.Integrations.ShopifyClient.csproj", "{6FE8A3AB-460F-493A-BBDB-74C575D8C8D7}"
EndProject
Project("{2150E333-8FDC-42A3-9474-1A3956D46DE8}") = "API", "API", "{369212C2-ED41-4024-A77A-D374E2EF2294}"
EndProject
Project("{2150E333-8FDC-42A3-9474-1A3956D46DE8}") = "Admin", "Admin", "{9A38A002-BC2A-462C-8AF6-18FC10988911}"
EndProject
Project("{2150E333-8FDC-42A3-9474-1A3956D46DE8}") = "Common", "Common", "{0ADBA1A8-310B-42A0-A07A-60DB9F7B5055}"
EndProject
Project("{2150E333-8FDC-42A3-9474-1A3956D46DE8}") = "Seller", "Seller", "{D25B3627-80D7-46C0-A025-9B6E41CF30A1}"
EndProject
Project("{2150E333-8FDC-42A3-9474-1A3956D46DE8}") = "User", "User", "{C689A668-4108-41CB-B09A-1B059356C4EC}"
EndProject
Project("{2150E333-8FDC-42A3-9474-1A3956D46DE8}") = "Filament", "Filament", "{CDB1A159-660D-4B2E-954F-3BBAA226D452}"
EndProject
Project("{2150E333-8FDC-42A3-9474-1A3956D46DE8}") = "Model", "Model", "{E9056161-4032-403C-8620-881FAB71AC3B}"
EndProject
Project("{FAE04EC0-301F-11D3-BF4B-00C04F79EFBC}") = "POD.API.Admin.Filament", "API\Admin\Filament\Function\POD.API.Admin.Filament.csproj", "{11CC54A4-D2A4-41AF-94C6-76A25305E613}"
EndProject
Project("{FAE04EC0-301F-11D3-BF4B-00C04F79EFBC}") = "POD.API.Admin.Filament.Data", "API\Admin\Filament\Data\POD.API.Admin.Filament.Data.csproj", "{79FB3D29-956D-4CE3-8BCF-E3E50CEEB999}"
EndProject
Project("{FAE04EC0-301F-11D3-BF4B-00C04F79EFBC}") = "POD.API.Admin.Filament.Services", "API\Admin\Filament\Services\POD.API.Admin.Filament.Services.csproj", "{A701A9BA-86C6-490E-A218-D3781161D2A1}"
EndProject
Project("{2150E333-8FDC-42A3-9474-1A3956D46DE8}") = "Identity", "Identity", "{0923650B-ED3C-4548-91DE-EE4636A4FCE7}"
EndProject
Project("{2150E333-8FDC-42A3-9474-1A3956D46DE8}") = "Common", "Common", "{BEFFD51D-4EB7-4AB4-8D01-4BE968D0F104}"
EndProject
Project("{2150E333-8FDC-42A3-9474-1A3956D46DE8}") = "Payment", "Payment", "{812E03E9-073F-4739-BB97-59CD82678843}"
EndProject
Project("{2150E333-8FDC-42A3-9474-1A3956D46DE8}") = "Product", "Product", "{92A39811-4DD7-4A39-8EC3-A2DD433631A0}"
EndProject
Project("{2150E333-8FDC-42A3-9474-1A3956D46DE8}") = "Store", "Store", "{209162DC-45EA-43E7-A613-2DBD0F0ADEF3}"
EndProject
Project("{2150E333-8FDC-42A3-9474-1A3956D46DE8}") = "Functions", "Functions", "{18D6B9E1-4338-497F-B42E-2FFA93B55D64}"
EndProject
Project("{2150E333-8FDC-42A3-9474-1A3956D46DE8}") = "Geometry", "Geometry", "{A3EA852C-C45F-428B-BD3D-475EAFC59BFC}"
EndProject
Project("{2150E333-8FDC-42A3-9474-1A3956D46DE8}") = "Payment", "Payment", "{48D70398-C5CB-446E-B8ED-8B9AD17645A3}"
EndProject
Project("{2150E333-8FDC-42A3-9474-1A3956D46DE8}") = "PublishSchedule", "PublishSchedule", "{B15FEF9B-222E-4956-A64A-34BB62FDC44E}"
EndProject
Project("{FAE04EC0-301F-11D3-BF4B-00C04F79EFBC}") = "POD.API.Admin.Model", "API\Admin\Model\Function\POD.API.Admin.Model.csproj", "{E935BC69-7F5D-46F3-A134-70CD7300FEBD}"
EndProject
Project("{FAE04EC0-301F-11D3-BF4B-00C04F79EFBC}") = "POD.API.Admin.Model.Data", "API\Admin\Model\Data\POD.API.Admin.Model.Data.csproj", "{6C26EDDF-7F87-4763-A651-12F7F8F25AD0}"
EndProject
Project("{FAE04EC0-301F-11D3-BF4B-00C04F79EFBC}") = "POD.API.Admin.Model.Services", "API\Admin\Model\Services\POD.API.Admin.Model.Services.csproj", "{C8931139-2E64-46D2-AC94-9DDE5AD73DC4}"
EndProject
Project("{FAE04EC0-301F-11D3-BF4B-00C04F79EFBC}") = "POD.API.Common.Core", "API\Common\Core\POD.API.Common.Core.csproj", "{504E4DAE-0380-4D52-A99F-A2816E900666}"
EndProject
Project("{2150E333-8FDC-42A3-9474-1A3956D46DE8}") = "Address", "Address", "{A8BB8DAB-1507-4ED7-BB47-78AC3703317A}"
EndProject
Project("{FAE04EC0-301F-11D3-BF4B-00C04F79EFBC}") = "POD.API.Seller.Address", "API\Seller\Address\Function\POD.API.Seller.Address.csproj", "{A3D1AF1F-F77A-47E8-A192-48C79B2C8E3E}"
EndProject
Project("{FAE04EC0-301F-11D3-BF4B-00C04F79EFBC}") = "POD.API.Seller.Address.Data", "API\Seller\Address\Data\POD.API.Seller.Address.Data.csproj", "{08309791-F7F4-4466-ADFD-C36491FC2F07}"
EndProject
Project("{FAE04EC0-301F-11D3-BF4B-00C04F79EFBC}") = "POD.API.Seller.Address.Services", "API\Seller\Address\Services\POD.API.Seller.Address.Services.csproj", "{5C722229-7B5A-4F16-9B97-8079A28AD9C7}"
EndProject
Project("{FAE04EC0-301F-11D3-BF4B-00C04F79EFBC}") = "POD.API.Seller.Common.Data", "API\Seller\Common\Data\POD.API.Seller.Common.Data.csproj", "{8EB222EF-A563-4C57-B6A5-6FC7E85C9F8E}"
EndProject
Project("{FAE04EC0-301F-11D3-BF4B-00C04F79EFBC}") = "POD.API.Seller.Common.Services", "API\Seller\Common\Services\POD.API.Seller.Common.Services.csproj", "{5049F437-103C-43A1-81E9-0BFE6962F66F}"
EndProject
Project("{FAE04EC0-301F-11D3-BF4B-00C04F79EFBC}") = "POD.API.Seller.Payment", "API\Seller\Payment\Function\POD.API.Seller.Payment.csproj", "{46376797-7593-4FB2-9201-819488B89B90}"
EndProject
Project("{FAE04EC0-301F-11D3-BF4B-00C04F79EFBC}") = "POD.API.Seller.Payment.Data", "API\Seller\Payment\Data\POD.API.Seller.Payment.Data.csproj", "{E025A04F-3778-4959-B1CC-F3796274C902}"
EndProject
Project("{FAE04EC0-301F-11D3-BF4B-00C04F79EFBC}") = "POD.API.Seller.Payment.Services", "API\Seller\Payment\Services\POD.API.Seller.Payment.Services.csproj", "{A55B7363-39EE-4000-B36D-8920EC15509F}"
EndProject
Project("{FAE04EC0-301F-11D3-BF4B-00C04F79EFBC}") = "POD.API.Seller.Product", "API\Seller\Product\Function\POD.API.Seller.Product.csproj", "{9093B246-020B-405A-844F-EAD414D9189E}"
EndProject
Project("{FAE04EC0-301F-11D3-BF4B-00C04F79EFBC}") = "POD.API.Seller.Product.Data", "API\Seller\Product\Data\POD.API.Seller.Product.Data.csproj", "{E0FCFAC2-B21C-46BC-8F5A-63D0981988DF}"
EndProject
Project("{FAE04EC0-301F-11D3-BF4B-00C04F79EFBC}") = "POD.API.Seller.Product.Services", "API\Seller\Product\Services\POD.API.Seller.Product.Services.csproj", "{98CF84EC-0058-4C5B-98F6-7D13636152E6}"
EndProject
Project("{FAE04EC0-301F-11D3-BF4B-00C04F79EFBC}") = "POD.API.Seller.Store", "API\Seller\Store\Function\POD.API.Seller.Store.csproj", "{80433AC2-663F-4963-9AD2-EA4414DED1B8}"
EndProject
Project("{FAE04EC0-301F-11D3-BF4B-00C04F79EFBC}") = "POD.API.Seller.Store.Data", "API\Seller\Store\Data\POD.API.Seller.Store.Data.csproj", "{9E32001C-B665-4704-9851-2AD4ACC7B338}"
EndProject
Project("{FAE04EC0-301F-11D3-BF4B-00C04F79EFBC}") = "POD.API.Seller.Store.Services", "API\Seller\Store\Services\POD.API.Seller.Store.Services.csproj", "{0D4B374B-DC7B-4701-8EB6-55780B65A2DC}"
EndProject
Project("{FAE04EC0-301F-11D3-BF4B-00C04F79EFBC}") = "POD.API.User.Identity", "API\User\Identity\Function\POD.API.User.Identity.csproj", "{BD1395EA-C655-4E3E-B9C2-0947EB28D212}"
EndProject
Project("{FAE04EC0-301F-11D3-BF4B-00C04F79EFBC}") = "POD.API.User.Identity.Data", "API\User\Identity\Data\POD.API.User.Identity.Data.csproj", "{C8DEA150-3C12-42E5-91F5-A7518DD3889C}"
EndProject
Project("{FAE04EC0-301F-11D3-BF4B-00C04F79EFBC}") = "POD.API.User.Identity.Services", "API\User\Identity\Services\POD.API.User.Identity.Services.csproj", "{85DD14F3-D2C3-4564-8FE2-32A845C8D16C}"
EndProject
Project("{FAE04EC0-301F-11D3-BF4B-00C04F79EFBC}") = "POD.Functions.Geometry", "Functions\Geometry\Function\POD.Functions.Geometry.csproj", "{1A0E3AF4-D936-40F2-8267-1CC5C8102AEE}"
EndProject
Project("{FAE04EC0-301F-11D3-BF4B-00C04F79EFBC}") = "POD.Functions.Geometry.Data", "Functions\Geometry\Data\POD.Functions.Geometry.Data.csproj", "{801023C4-EF7A-4BA6-8FAD-60AB53C74B55}"
EndProject
Project("{FAE04EC0-301F-11D3-BF4B-00C04F79EFBC}") = "POD.Functions.Geometry.Services", "Functions\Geometry\Services\POD.Functions.Geometry.Services.csproj", "{CCCA00A3-BD2E-447F-BC4B-66DBE2D2A05B}"
EndProject
Project("{FAE04EC0-301F-11D3-BF4B-00C04F79EFBC}") = "POD.Functions.PublishSchedule", "Functions\PublishSchedule\Function\POD.Functions.PublishSchedule.csproj", "{4CB0A74F-98D7-4248-AE3E-7BC419FB2FCF}"
EndProject
Project("{FAE04EC0-301F-11D3-BF4B-00C04F79EFBC}") = "POD.Functions.PublishSchedule.Data", "Functions\PublishSchedule\Data\POD.Functions.PublishSchedule.Data.csproj", "{85840D03-1C6F-4A6B-973F-35496E3F7DCF}"
EndProject
Project("{FAE04EC0-301F-11D3-BF4B-00C04F79EFBC}") = "POD.Functions.PublishSchedule.Services", "Functions\PublishSchedule\Services\POD.Functions.PublishSchedule.Services.csproj", "{54AFA328-B301-44AA-9B99-F4EF3404A985}"
EndProject
Project("{2150E333-8FDC-42A3-9474-1A3956D46DE8}") = "Common", "Common", "{02CEC73D-D483-4C7F-B446-FABD936C1A9D}"
EndProject
Project("{2150E333-8FDC-42A3-9474-1A3956D46DE8}") = "PostProcessing", "PostProcessing", "{08DFC79C-F7DB-433E-90B4-76BF387BFD02}"
EndProject
Project("{2150E333-8FDC-42A3-9474-1A3956D46DE8}") = "Schedule", "Schedule", "{EBE87181-23AF-47AC-9DCD-8B948D6B8E4B}"
EndProject
Project("{FAE04EC0-301F-11D3-BF4B-00C04F79EFBC}") = "POD.Functions.Payment.Schedule", "Functions\Payment\Schedule\Function\POD.Functions.Payment.Schedule.csproj", "{C04C629B-30EA-4058-B3D3-F13084493D6F}"
EndProject
Project("{FAE04EC0-301F-11D3-BF4B-00C04F79EFBC}") = "POD.Functions.Payment.Schedule.Data", "Functions\Payment\Schedule\Data\POD.Functions.Payment.Schedule.Data.csproj", "{FC5FE317-2589-4A15-9D5E-9DAAE46BF3F8}"
EndProject
Project("{FAE04EC0-301F-11D3-BF4B-00C04F79EFBC}") = "POD.Functions.Payment.Schedule.Services", "Functions\Payment\Schedule\Services\POD.Functions.Payment.Schedule.Services.csproj", "{7EACA08A-B038-4680-83B5-7A05D6B7190C}"
EndProject
Project("{FAE04EC0-301F-11D3-BF4B-00C04F79EFBC}") = "POD.Functions.Payment.PostProcessing", "Functions\Payment\PostProcessing\Function\POD.Functions.Payment.PostProcessing.csproj", "{108BB222-A4C0-45E5-B4BA-B863555B1FB8}"
EndProject
Project("{FAE04EC0-301F-11D3-BF4B-00C04F79EFBC}") = "POD.Functions.Payment.PostProcessing.Data", "Functions\Payment\PostProcessing\Data\POD.Functions.Payment.PostProcessing.Data.csproj", "{B703F275-37EA-4EFD-B826-47F1A933A3E6}"
EndProject
Project("{FAE04EC0-301F-11D3-BF4B-00C04F79EFBC}") = "POD.Functions.Payment.PostProcessing.Services", "Functions\Payment\PostProcessing\Services\POD.Functions.Payment.PostProcessing.Services.csproj", "{146A3DA1-2D5D-4DAF-8A28-5A4CDCEA538D}"
EndProject
Project("{2150E333-8FDC-42A3-9474-1A3956D46DE8}") = "Processing", "Processing", "{C87A581D-25C8-4410-8B0B-D1206369C7C8}"
EndProject
Project("{2150E333-8FDC-42A3-9474-1A3956D46DE8}") = "Stripe", "Stripe", "{38D49EB9-7E31-484B-91D2-BAE117B461E6}"
EndProject
Project("{2150E333-8FDC-42A3-9474-1A3956D46DE8}") = "Braintree", "Braintree", "{88FF7E69-B86D-4160-A34F-2E4A36A83133}"
EndProject
Project("{FAE04EC0-301F-11D3-BF4B-00C04F79EFBC}") = "POD.Functions.Payment.Processing.Braintree", "Functions\Payment\Processing\Braintree\Function\POD.Functions.Payment.Processing.Braintree.csproj", "{DB1D4B77-D0F7-4377-8F09-86EB93812B85}"
EndProject
Project("{FAE04EC0-301F-11D3-BF4B-00C04F79EFBC}") = "POD.Functions.Payment.Processing.Braintree.Services", "Functions\Payment\Processing\Braintree\Services\POD.Functions.Payment.Processing.Braintree.Services.csproj", "{DD2F62EE-CA6E-45D4-A80F-85C864E14312}"
EndProject
Project("{FAE04EC0-301F-11D3-BF4B-00C04F79EFBC}") = "POD.Functions.Payment.Processing.Stripe", "Functions\Payment\Processing\Stripe\Function\POD.Functions.Payment.Processing.Stripe.csproj", "{7CE26019-0705-4AD3-B359-859BF711A67B}"
EndProject
Project("{FAE04EC0-301F-11D3-BF4B-00C04F79EFBC}") = "POD.Functions.Payment.Processing.Stripe.Services", "Functions\Payment\Processing\Stripe\Services\POD.Functions.Payment.Processing.Stripe.Services.csproj", "{3ED40EE1-7609-4ABA-98AA-365490140E91}"
EndProject
Project("{FAE04EC0-301F-11D3-BF4B-00C04F79EFBC}") = "POD.Functions.Payment.Common.Data", "Functions\Payment\Common\Data\POD.Functions.Payment.Common.Data.csproj", "{CA991A0C-BFC4-41FC-8058-39D7A7B8C75C}"
EndProject
Project("{2150E333-8FDC-42A3-9474-1A3956D46DE8}") = "Shopify", "Shopify", "{D8F30E62-C3B3-4C02-B7DA-70D3B69852AA}"
EndProject
Project("{2150E333-8FDC-42A3-9474-1A3956D46DE8}") = "WebhookEndpoints", "WebhookEndpoints", "{328DF31F-3AEF-48E9-B477-568B50E18F20}"
EndProject
Project("{FAE04EC0-301F-11D3-BF4B-00C04F79EFBC}") = "POD.Functions.Shopify.WebhookEndpoints", "Functions\Shopify\WebhookEndpoints\Function\POD.Functions.Shopify.WebhookEndpoints.csproj", "{08D1DBC7-6227-449C-BDDF-B140E3E13156}"
EndProject
Project("{FAE04EC0-301F-11D3-BF4B-00C04F79EFBC}") = "POD.Functions.Shopify.WebhookEndpoints.Data", "Functions\Shopify\WebhookEndpoints\Data\POD.Functions.Shopify.WebhookEndpoints.Data.csproj", "{CE89F726-5A7E-4134-82BC-D6258911E05B}"
EndProject
Project("{FAE04EC0-301F-11D3-BF4B-00C04F79EFBC}") = "POD.Functions.Shopify.WebhookEndpoints.Services", "Functions\Shopify\WebhookEndpoints\Services\POD.Functions.Shopify.WebhookEndpoints.Services.csproj", "{A0ABA557-D78C-4E3B-BC8F-4D4AAA89408C}"
EndProject
Project("{2150E333-8FDC-42A3-9474-1A3956D46DE8}") = "AppInstall", "AppInstall", "{77B05DDB-A7A3-46B6-8950-110DC57D6C5C}"
EndProject
Project("{FAE04EC0-301F-11D3-BF4B-00C04F79EFBC}") = "POD.Functions.Shopify.AppInstall", "Functions\Shopify\AppInstall\Function\POD.Functions.Shopify.AppInstall.csproj", "{63EB2445-5E4B-4226-B201-8F7D98CE39F6}"
EndProject
Project("{FAE04EC0-301F-11D3-BF4B-00C04F79EFBC}") = "POD.Functions.Shopify.AppInstall.Data", "Functions\Shopify\AppInstall\Data\POD.Functions.Shopify.AppInstall.Data.csproj", "{0AEC5776-1A25-4CBA-8AF6-306136A682CB}"
EndProject
Project("{FAE04EC0-301F-11D3-BF4B-00C04F79EFBC}") = "POD.Functions.Shopify.AppInstall.Services", "Functions\Shopify\AppInstall\Services\POD.Functions.Shopify.AppInstall.Services.csproj", "{2F6013E6-C15F-4641-9412-A1BD54E930AA}"
EndProject
Project("{2150E333-8FDC-42A3-9474-1A3956D46DE8}") = "AppUninstall", "AppUninstall", "{B772FF7F-86EF-4AD1-AF79-6B0AF4548C74}"
EndProject
Project("{FAE04EC0-301F-11D3-BF4B-00C04F79EFBC}") = "POD.Functions.Shopify.AppUninstall", "Functions\Shopify\AppUninstall\Function\POD.Functions.Shopify.AppUninstall.csproj", "{EE0E7DB3-4673-49E0-A134-EE55105B014A}"
EndProject
Project("{FAE04EC0-301F-11D3-BF4B-00C04F79EFBC}") = "POD.Functions.Shopify.AppUninstall.Data", "Functions\Shopify\AppUninstall\Data\POD.Functions.Shopify.AppUninstall.Data.csproj", "{8DC4DACF-A883-4DB0-AD5B-064B03F52719}"
EndProject
Project("{FAE04EC0-301F-11D3-BF4B-00C04F79EFBC}") = "POD.Functions.Shopify.AppUninstall.Services", "Functions\Shopify\AppUninstall\Services\POD.Functions.Shopify.AppUninstall.Services.csproj", "{47749DB7-F44B-4896-9CA9-BABBAADAEF38}"
EndProject
Project("{2150E333-8FDC-42A3-9474-1A3956D46DE8}") = "CallExecutes", "CallExecutes", "{1AC0B0F8-289B-4641-9AC2-61ABF3E7DF70}"
EndProject
Project("{FAE04EC0-301F-11D3-BF4B-00C04F79EFBC}") = "POD.Functions.Shopify.CallExecutes", "Functions\Shopify\CallExecutes\Function\POD.Functions.Shopify.CallExecutes.csproj", "{0FAC1B2D-425C-4C04-9267-F7E61599DE36}"
EndProject
Project("{FAE04EC0-301F-11D3-BF4B-00C04F79EFBC}") = "POD.Functions.Shopify.CallExecutes.Data", "Functions\Shopify\CallExecutes\Data\POD.Functions.Shopify.CallExecutes.Data.csproj", "{10561B23-E81F-4F35-B6DC-9E5FAD00FAA3}"
EndProject
Project("{FAE04EC0-301F-11D3-BF4B-00C04F79EFBC}") = "POD.Functions.Shopify.CallExecutes.Services", "Functions\Shopify\CallExecutes\Services\POD.Functions.Shopify.CallExecutes.Services.csproj", "{289580B4-F709-45F0-A136-C60B7CAF5671}"
EndProject
Project("{2150E333-8FDC-42A3-9474-1A3956D46DE8}") = "CreateWebhooks", "CreateWebhooks", "{248B7841-5BC7-47F0-8FCA-172D2119D825}"
EndProject
Project("{2150E333-8FDC-42A3-9474-1A3956D46DE8}") = "DeleteProduct", "DeleteProduct", "{B41A2DF7-AD55-4D77-800E-550FA32A5891}"
EndProject
Project("{2150E333-8FDC-42A3-9474-1A3956D46DE8}") = "OrderProcessing", "OrderProcessing", "{0C098888-7E0C-426F-A101-8C6F8FBEA9DB}"
EndProject
Project("{2150E333-8FDC-42A3-9474-1A3956D46DE8}") = "PublishProcessing", "PublishProcessing", "{6908B1EA-632D-46D6-853C-CC4D35ACC15E}"
EndProject
Project("{2150E333-8FDC-42A3-9474-1A3956D46DE8}") = "UpdateInventory", "UpdateInventory", "{F67C547A-D618-44BA-8AE6-F42E6CBB0AD9}"
EndProject
Project("{FAE04EC0-301F-11D3-BF4B-00C04F79EFBC}") = "POD.Functions.Shopify.CreateWebhooks", "Functions\Shopify\CreateWebhooks\Function\POD.Functions.Shopify.CreateWebhooks.csproj", "{5673CA6B-DF13-41D5-B2A6-151CFB3927FE}"
EndProject
Project("{FAE04EC0-301F-11D3-BF4B-00C04F79EFBC}") = "POD.Functions.Shopify.CreateWebhooks.Data", "Functions\Shopify\CreateWebhooks\Data\POD.Functions.Shopify.CreateWebhooks.Data.csproj", "{6FE4F787-2E6E-480E-836F-C75572049725}"
EndProject
Project("{FAE04EC0-301F-11D3-BF4B-00C04F79EFBC}") = "POD.Functions.Shopify.CreateWebhooks.Services", "Functions\Shopify\CreateWebhooks\Services\POD.Functions.Shopify.CreateWebhooks.Services.csproj", "{02CCC749-FE39-444E-85AD-BBA1769DC373}"
EndProject
Project("{FAE04EC0-301F-11D3-BF4B-00C04F79EFBC}") = "POD.Functions.Shopify.DeleteProduct", "Functions\Shopify\DeleteProduct\Function\POD.Functions.Shopify.DeleteProduct.csproj", "{67028289-A3F9-4DF8-9DE4-FD69B5D6AE56}"
EndProject
Project("{FAE04EC0-301F-11D3-BF4B-00C04F79EFBC}") = "POD.Functions.Shopify.DeleteProduct.Data", "Functions\Shopify\DeleteProduct\Data\POD.Functions.Shopify.DeleteProduct.Data.csproj", "{D7D01B94-28A1-49B2-955F-252D115E5A43}"
EndProject
Project("{FAE04EC0-301F-11D3-BF4B-00C04F79EFBC}") = "POD.Functions.Shopify.DeleteProduct.Services", "Functions\Shopify\DeleteProduct\Services\POD.Functions.Shopify.DeleteProduct.Services.csproj", "{43D5BFF1-324F-4FAF-BFDD-A41A9C0F9C08}"
EndProject
Project("{FAE04EC0-301F-11D3-BF4B-00C04F79EFBC}") = "POD.Functions.Shopify.OrderProcessing", "Functions\Shopify\OrderProcessing\Function\POD.Functions.Shopify.OrderProcessing.csproj", "{B530F0AE-2D13-4AD8-9C2F-D4E996622877}"
EndProject
Project("{FAE04EC0-301F-11D3-BF4B-00C04F79EFBC}") = "POD.Functions.Shopify.OrderProcessing.Data", "Functions\Shopify\OrderProcessing\Data\POD.Functions.Shopify.OrderProcessing.Data.csproj", "{E045755F-8E78-4067-8C89-828FC1B20E81}"
EndProject
Project("{FAE04EC0-301F-11D3-BF4B-00C04F79EFBC}") = "POD.Functions.Shopify.OrderProcessing.Services", "Functions\Shopify\OrderProcessing\Services\POD.Functions.Shopify.OrderProcessing.Services.csproj", "{5104CA67-EFE3-46F1-A7B5-9335A659FC9F}"
EndProject
Project("{FAE04EC0-301F-11D3-BF4B-00C04F79EFBC}") = "POD.Functions.Shopify.PublishProcessing", "Functions\Shopify\PublishProcessing\Function\POD.Functions.Shopify.PublishProcessing.csproj", "{EE2D10C8-4FF9-4D82-AB2A-E50DD4E2032C}"
EndProject
Project("{FAE04EC0-301F-11D3-BF4B-00C04F79EFBC}") = "POD.Functions.Shopify.PublishProcessing.Data", "Functions\Shopify\PublishProcessing\Data\POD.Functions.Shopify.PublishProcessing.Data.csproj", "{1675883D-70EC-4A50-AAC0-72FBAF493FEF}"
EndProject
Project("{FAE04EC0-301F-11D3-BF4B-00C04F79EFBC}") = "POD.Functions.Shopify.PublishProcessing.Services", "Functions\Shopify\PublishProcessing\Services\POD.Functions.Shopify.PublishProcessing.Services.csproj", "{BCF0EA20-1D72-40FB-9161-CD2020932BC4}"
EndProject
Project("{FAE04EC0-301F-11D3-BF4B-00C04F79EFBC}") = "POD.Functions.Shopify.UpdateInventory", "Functions\Shopify\UpdateInventory\Function\POD.Functions.Shopify.UpdateInventory.csproj", "{C166DB4D-BDF6-43C3-9E49-3CB276565520}"
EndProject
Project("{FAE04EC0-301F-11D3-BF4B-00C04F79EFBC}") = "POD.Functions.Shopify.UpdateInventory.Data", "Functions\Shopify\UpdateInventory\Data\POD.Functions.Shopify.UpdateInventory.Data.csproj", "{20F6933E-CD44-4C19-9A5C-CBDE0E4207E1}"
EndProject
Project("{FAE04EC0-301F-11D3-BF4B-00C04F79EFBC}") = "POD.Functions.Shopify.UpdateInventory.Services", "Functions\Shopify\UpdateInventory\Services\POD.Functions.Shopify.UpdateInventory.Services.csproj", "{8CC6C6B2-BDC2-43E2-B961-A58F2E9B7423}"
EndProject
Global
	GlobalSection(SolutionConfigurationPlatforms) = preSolution
		Debug|Any CPU = Debug|Any CPU
		Release|Any CPU = Release|Any CPU
	EndGlobalSection
	GlobalSection(NestedProjects) = preSolution
		{395517A6-7973-4051-B25C-B634D7717E62} = {E95BCFCE-FA9E-4E24-B362-939A12CE6848}
		{7A37BC61-D33D-42D4-9637-3D2C1138E7DE} = {E95BCFCE-FA9E-4E24-B362-939A12CE6848}
		{0EAFF4E7-FFC5-4E93-A308-FD4C6D07C02C} = {E95BCFCE-FA9E-4E24-B362-939A12CE6848}
		{F2D87C8E-FA03-4257-81C0-DF0D6E788804} = {E95BCFCE-FA9E-4E24-B362-939A12CE6848}
		{539F0CF0-0378-4205-84C0-3F8BC2FFD9DC} = {8D44D914-150F-4B04-AF37-978851849C61}
		{39748C5C-A222-4780-A37C-FD18F7008F3E} = {8D44D914-150F-4B04-AF37-978851849C61}
		{5538D16B-EB1A-4149-B28B-CA3D858FE250} = {8D44D914-150F-4B04-AF37-978851849C61}
		{B274405A-74E9-4DDA-B9F9-EBBDB8354E9E} = {8D44D914-150F-4B04-AF37-978851849C61}
		{6FE8A3AB-460F-493A-BBDB-74C575D8C8D7} = {8D44D914-150F-4B04-AF37-978851849C61}
		{9A38A002-BC2A-462C-8AF6-18FC10988911} = {369212C2-ED41-4024-A77A-D374E2EF2294}
		{0ADBA1A8-310B-42A0-A07A-60DB9F7B5055} = {369212C2-ED41-4024-A77A-D374E2EF2294}
		{D25B3627-80D7-46C0-A025-9B6E41CF30A1} = {369212C2-ED41-4024-A77A-D374E2EF2294}
		{C689A668-4108-41CB-B09A-1B059356C4EC} = {369212C2-ED41-4024-A77A-D374E2EF2294}
		{CDB1A159-660D-4B2E-954F-3BBAA226D452} = {9A38A002-BC2A-462C-8AF6-18FC10988911}
		{E9056161-4032-403C-8620-881FAB71AC3B} = {9A38A002-BC2A-462C-8AF6-18FC10988911}
		{11CC54A4-D2A4-41AF-94C6-76A25305E613} = {CDB1A159-660D-4B2E-954F-3BBAA226D452}
		{79FB3D29-956D-4CE3-8BCF-E3E50CEEB999} = {CDB1A159-660D-4B2E-954F-3BBAA226D452}
		{A701A9BA-86C6-490E-A218-D3781161D2A1} = {CDB1A159-660D-4B2E-954F-3BBAA226D452}
		{0923650B-ED3C-4548-91DE-EE4636A4FCE7} = {C689A668-4108-41CB-B09A-1B059356C4EC}
		{BEFFD51D-4EB7-4AB4-8D01-4BE968D0F104} = {D25B3627-80D7-46C0-A025-9B6E41CF30A1}
		{812E03E9-073F-4739-BB97-59CD82678843} = {D25B3627-80D7-46C0-A025-9B6E41CF30A1}
		{92A39811-4DD7-4A39-8EC3-A2DD433631A0} = {D25B3627-80D7-46C0-A025-9B6E41CF30A1}
		{209162DC-45EA-43E7-A613-2DBD0F0ADEF3} = {D25B3627-80D7-46C0-A025-9B6E41CF30A1}
		{A3EA852C-C45F-428B-BD3D-475EAFC59BFC} = {18D6B9E1-4338-497F-B42E-2FFA93B55D64}
		{48D70398-C5CB-446E-B8ED-8B9AD17645A3} = {18D6B9E1-4338-497F-B42E-2FFA93B55D64}
		{B15FEF9B-222E-4956-A64A-34BB62FDC44E} = {18D6B9E1-4338-497F-B42E-2FFA93B55D64}
		{E935BC69-7F5D-46F3-A134-70CD7300FEBD} = {E9056161-4032-403C-8620-881FAB71AC3B}
		{6C26EDDF-7F87-4763-A651-12F7F8F25AD0} = {E9056161-4032-403C-8620-881FAB71AC3B}
		{C8931139-2E64-46D2-AC94-9DDE5AD73DC4} = {E9056161-4032-403C-8620-881FAB71AC3B}
		{504E4DAE-0380-4D52-A99F-A2816E900666} = {0ADBA1A8-310B-42A0-A07A-60DB9F7B5055}
		{A8BB8DAB-1507-4ED7-BB47-78AC3703317A} = {D25B3627-80D7-46C0-A025-9B6E41CF30A1}
		{A3D1AF1F-F77A-47E8-A192-48C79B2C8E3E} = {A8BB8DAB-1507-4ED7-BB47-78AC3703317A}
		{08309791-F7F4-4466-ADFD-C36491FC2F07} = {A8BB8DAB-1507-4ED7-BB47-78AC3703317A}
		{5C722229-7B5A-4F16-9B97-8079A28AD9C7} = {A8BB8DAB-1507-4ED7-BB47-78AC3703317A}
		{8EB222EF-A563-4C57-B6A5-6FC7E85C9F8E} = {BEFFD51D-4EB7-4AB4-8D01-4BE968D0F104}
		{5049F437-103C-43A1-81E9-0BFE6962F66F} = {BEFFD51D-4EB7-4AB4-8D01-4BE968D0F104}
		{46376797-7593-4FB2-9201-819488B89B90} = {812E03E9-073F-4739-BB97-59CD82678843}
		{E025A04F-3778-4959-B1CC-F3796274C902} = {812E03E9-073F-4739-BB97-59CD82678843}
		{A55B7363-39EE-4000-B36D-8920EC15509F} = {812E03E9-073F-4739-BB97-59CD82678843}
		{9093B246-020B-405A-844F-EAD414D9189E} = {92A39811-4DD7-4A39-8EC3-A2DD433631A0}
		{E0FCFAC2-B21C-46BC-8F5A-63D0981988DF} = {92A39811-4DD7-4A39-8EC3-A2DD433631A0}
		{98CF84EC-0058-4C5B-98F6-7D13636152E6} = {92A39811-4DD7-4A39-8EC3-A2DD433631A0}
		{80433AC2-663F-4963-9AD2-EA4414DED1B8} = {209162DC-45EA-43E7-A613-2DBD0F0ADEF3}
		{9E32001C-B665-4704-9851-2AD4ACC7B338} = {209162DC-45EA-43E7-A613-2DBD0F0ADEF3}
		{0D4B374B-DC7B-4701-8EB6-55780B65A2DC} = {209162DC-45EA-43E7-A613-2DBD0F0ADEF3}
		{BD1395EA-C655-4E3E-B9C2-0947EB28D212} = {0923650B-ED3C-4548-91DE-EE4636A4FCE7}
		{C8DEA150-3C12-42E5-91F5-A7518DD3889C} = {0923650B-ED3C-4548-91DE-EE4636A4FCE7}
		{85DD14F3-D2C3-4564-8FE2-32A845C8D16C} = {0923650B-ED3C-4548-91DE-EE4636A4FCE7}
		{1A0E3AF4-D936-40F2-8267-1CC5C8102AEE} = {A3EA852C-C45F-428B-BD3D-475EAFC59BFC}
		{801023C4-EF7A-4BA6-8FAD-60AB53C74B55} = {A3EA852C-C45F-428B-BD3D-475EAFC59BFC}
		{CCCA00A3-BD2E-447F-BC4B-66DBE2D2A05B} = {A3EA852C-C45F-428B-BD3D-475EAFC59BFC}
		{4CB0A74F-98D7-4248-AE3E-7BC419FB2FCF} = {B15FEF9B-222E-4956-A64A-34BB62FDC44E}
		{85840D03-1C6F-4A6B-973F-35496E3F7DCF} = {B15FEF9B-222E-4956-A64A-34BB62FDC44E}
		{54AFA328-B301-44AA-9B99-F4EF3404A985} = {B15FEF9B-222E-4956-A64A-34BB62FDC44E}
		{02CEC73D-D483-4C7F-B446-FABD936C1A9D} = {48D70398-C5CB-446E-B8ED-8B9AD17645A3}
		{08DFC79C-F7DB-433E-90B4-76BF387BFD02} = {48D70398-C5CB-446E-B8ED-8B9AD17645A3}
		{EBE87181-23AF-47AC-9DCD-8B948D6B8E4B} = {48D70398-C5CB-446E-B8ED-8B9AD17645A3}
		{C04C629B-30EA-4058-B3D3-F13084493D6F} = {EBE87181-23AF-47AC-9DCD-8B948D6B8E4B}
		{FC5FE317-2589-4A15-9D5E-9DAAE46BF3F8} = {EBE87181-23AF-47AC-9DCD-8B948D6B8E4B}
		{7EACA08A-B038-4680-83B5-7A05D6B7190C} = {EBE87181-23AF-47AC-9DCD-8B948D6B8E4B}
		{108BB222-A4C0-45E5-B4BA-B863555B1FB8} = {08DFC79C-F7DB-433E-90B4-76BF387BFD02}
		{B703F275-37EA-4EFD-B826-47F1A933A3E6} = {08DFC79C-F7DB-433E-90B4-76BF387BFD02}
		{146A3DA1-2D5D-4DAF-8A28-5A4CDCEA538D} = {08DFC79C-F7DB-433E-90B4-76BF387BFD02}
		{C87A581D-25C8-4410-8B0B-D1206369C7C8} = {48D70398-C5CB-446E-B8ED-8B9AD17645A3}
		{38D49EB9-7E31-484B-91D2-BAE117B461E6} = {C87A581D-25C8-4410-8B0B-D1206369C7C8}
		{88FF7E69-B86D-4160-A34F-2E4A36A83133} = {C87A581D-25C8-4410-8B0B-D1206369C7C8}
		{DB1D4B77-D0F7-4377-8F09-86EB93812B85} = {88FF7E69-B86D-4160-A34F-2E4A36A83133}
		{DD2F62EE-CA6E-45D4-A80F-85C864E14312} = {88FF7E69-B86D-4160-A34F-2E4A36A83133}
		{7CE26019-0705-4AD3-B359-859BF711A67B} = {38D49EB9-7E31-484B-91D2-BAE117B461E6}
		{3ED40EE1-7609-4ABA-98AA-365490140E91} = {38D49EB9-7E31-484B-91D2-BAE117B461E6}
		{CA991A0C-BFC4-41FC-8058-39D7A7B8C75C} = {02CEC73D-D483-4C7F-B446-FABD936C1A9D}
		{D8F30E62-C3B3-4C02-B7DA-70D3B69852AA} = {18D6B9E1-4338-497F-B42E-2FFA93B55D64}
		{328DF31F-3AEF-48E9-B477-568B50E18F20} = {D8F30E62-C3B3-4C02-B7DA-70D3B69852AA}
		{08D1DBC7-6227-449C-BDDF-B140E3E13156} = {328DF31F-3AEF-48E9-B477-568B50E18F20}
		{CE89F726-5A7E-4134-82BC-D6258911E05B} = {328DF31F-3AEF-48E9-B477-568B50E18F20}
		{A0ABA557-D78C-4E3B-BC8F-4D4AAA89408C} = {328DF31F-3AEF-48E9-B477-568B50E18F20}
		{77B05DDB-A7A3-46B6-8950-110DC57D6C5C} = {D8F30E62-C3B3-4C02-B7DA-70D3B69852AA}
		{63EB2445-5E4B-4226-B201-8F7D98CE39F6} = {77B05DDB-A7A3-46B6-8950-110DC57D6C5C}
		{0AEC5776-1A25-4CBA-8AF6-306136A682CB} = {77B05DDB-A7A3-46B6-8950-110DC57D6C5C}
		{2F6013E6-C15F-4641-9412-A1BD54E930AA} = {77B05DDB-A7A3-46B6-8950-110DC57D6C5C}
		{B772FF7F-86EF-4AD1-AF79-6B0AF4548C74} = {D8F30E62-C3B3-4C02-B7DA-70D3B69852AA}
		{EE0E7DB3-4673-49E0-A134-EE55105B014A} = {B772FF7F-86EF-4AD1-AF79-6B0AF4548C74}
		{8DC4DACF-A883-4DB0-AD5B-064B03F52719} = {B772FF7F-86EF-4AD1-AF79-6B0AF4548C74}
		{47749DB7-F44B-4896-9CA9-BABBAADAEF38} = {B772FF7F-86EF-4AD1-AF79-6B0AF4548C74}
		{1AC0B0F8-289B-4641-9AC2-61ABF3E7DF70} = {D8F30E62-C3B3-4C02-B7DA-70D3B69852AA}
		{0FAC1B2D-425C-4C04-9267-F7E61599DE36} = {1AC0B0F8-289B-4641-9AC2-61ABF3E7DF70}
		{10561B23-E81F-4F35-B6DC-9E5FAD00FAA3} = {1AC0B0F8-289B-4641-9AC2-61ABF3E7DF70}
		{289580B4-F709-45F0-A136-C60B7CAF5671} = {1AC0B0F8-289B-4641-9AC2-61ABF3E7DF70}
		{248B7841-5BC7-47F0-8FCA-172D2119D825} = {D8F30E62-C3B3-4C02-B7DA-70D3B69852AA}
		{B41A2DF7-AD55-4D77-800E-550FA32A5891} = {D8F30E62-C3B3-4C02-B7DA-70D3B69852AA}
		{0C098888-7E0C-426F-A101-8C6F8FBEA9DB} = {D8F30E62-C3B3-4C02-B7DA-70D3B69852AA}
		{6908B1EA-632D-46D6-853C-CC4D35ACC15E} = {D8F30E62-C3B3-4C02-B7DA-70D3B69852AA}
		{F67C547A-D618-44BA-8AE6-F42E6CBB0AD9} = {D8F30E62-C3B3-4C02-B7DA-70D3B69852AA}
		{5673CA6B-DF13-41D5-B2A6-151CFB3927FE} = {248B7841-5BC7-47F0-8FCA-172D2119D825}
		{6FE4F787-2E6E-480E-836F-C75572049725} = {248B7841-5BC7-47F0-8FCA-172D2119D825}
		{02CCC749-FE39-444E-85AD-BBA1769DC373} = {248B7841-5BC7-47F0-8FCA-172D2119D825}
		{67028289-A3F9-4DF8-9DE4-FD69B5D6AE56} = {B41A2DF7-AD55-4D77-800E-550FA32A5891}
		{D7D01B94-28A1-49B2-955F-252D115E5A43} = {B41A2DF7-AD55-4D77-800E-550FA32A5891}
		{43D5BFF1-324F-4FAF-BFDD-A41A9C0F9C08} = {B41A2DF7-AD55-4D77-800E-550FA32A5891}
		{B530F0AE-2D13-4AD8-9C2F-D4E996622877} = {0C098888-7E0C-426F-A101-8C6F8FBEA9DB}
		{E045755F-8E78-4067-8C89-828FC1B20E81} = {0C098888-7E0C-426F-A101-8C6F8FBEA9DB}
		{5104CA67-EFE3-46F1-A7B5-9335A659FC9F} = {0C098888-7E0C-426F-A101-8C6F8FBEA9DB}
		{EE2D10C8-4FF9-4D82-AB2A-E50DD4E2032C} = {6908B1EA-632D-46D6-853C-CC4D35ACC15E}
		{1675883D-70EC-4A50-AAC0-72FBAF493FEF} = {6908B1EA-632D-46D6-853C-CC4D35ACC15E}
		{BCF0EA20-1D72-40FB-9161-CD2020932BC4} = {6908B1EA-632D-46D6-853C-CC4D35ACC15E}
		{C166DB4D-BDF6-43C3-9E49-3CB276565520} = {F67C547A-D618-44BA-8AE6-F42E6CBB0AD9}
		{20F6933E-CD44-4C19-9A5C-CBDE0E4207E1} = {F67C547A-D618-44BA-8AE6-F42E6CBB0AD9}
		{8CC6C6B2-BDC2-43E2-B961-A58F2E9B7423} = {F67C547A-D618-44BA-8AE6-F42E6CBB0AD9}
	EndGlobalSection
	GlobalSection(ProjectConfigurationPlatforms) = postSolution
		{395517A6-7973-4051-B25C-B634D7717E62}.Debug|Any CPU.ActiveCfg = Debug|Any CPU
		{395517A6-7973-4051-B25C-B634D7717E62}.Debug|Any CPU.Build.0 = Debug|Any CPU
		{395517A6-7973-4051-B25C-B634D7717E62}.Release|Any CPU.ActiveCfg = Release|Any CPU
		{395517A6-7973-4051-B25C-B634D7717E62}.Release|Any CPU.Build.0 = Release|Any CPU
		{7A37BC61-D33D-42D4-9637-3D2C1138E7DE}.Debug|Any CPU.ActiveCfg = Debug|Any CPU
		{7A37BC61-D33D-42D4-9637-3D2C1138E7DE}.Debug|Any CPU.Build.0 = Debug|Any CPU
		{7A37BC61-D33D-42D4-9637-3D2C1138E7DE}.Release|Any CPU.ActiveCfg = Release|Any CPU
		{7A37BC61-D33D-42D4-9637-3D2C1138E7DE}.Release|Any CPU.Build.0 = Release|Any CPU
		{0EAFF4E7-FFC5-4E93-A308-FD4C6D07C02C}.Debug|Any CPU.ActiveCfg = Debug|Any CPU
		{0EAFF4E7-FFC5-4E93-A308-FD4C6D07C02C}.Debug|Any CPU.Build.0 = Debug|Any CPU
		{0EAFF4E7-FFC5-4E93-A308-FD4C6D07C02C}.Release|Any CPU.ActiveCfg = Release|Any CPU
		{0EAFF4E7-FFC5-4E93-A308-FD4C6D07C02C}.Release|Any CPU.Build.0 = Release|Any CPU
		{F2D87C8E-FA03-4257-81C0-DF0D6E788804}.Debug|Any CPU.ActiveCfg = Debug|Any CPU
		{F2D87C8E-FA03-4257-81C0-DF0D6E788804}.Debug|Any CPU.Build.0 = Debug|Any CPU
		{F2D87C8E-FA03-4257-81C0-DF0D6E788804}.Release|Any CPU.ActiveCfg = Release|Any CPU
		{F2D87C8E-FA03-4257-81C0-DF0D6E788804}.Release|Any CPU.Build.0 = Release|Any CPU
		{539F0CF0-0378-4205-84C0-3F8BC2FFD9DC}.Debug|Any CPU.ActiveCfg = Debug|Any CPU
		{539F0CF0-0378-4205-84C0-3F8BC2FFD9DC}.Debug|Any CPU.Build.0 = Debug|Any CPU
		{539F0CF0-0378-4205-84C0-3F8BC2FFD9DC}.Release|Any CPU.ActiveCfg = Release|Any CPU
		{539F0CF0-0378-4205-84C0-3F8BC2FFD9DC}.Release|Any CPU.Build.0 = Release|Any CPU
		{39748C5C-A222-4780-A37C-FD18F7008F3E}.Debug|Any CPU.ActiveCfg = Debug|Any CPU
		{39748C5C-A222-4780-A37C-FD18F7008F3E}.Debug|Any CPU.Build.0 = Debug|Any CPU
		{39748C5C-A222-4780-A37C-FD18F7008F3E}.Release|Any CPU.ActiveCfg = Release|Any CPU
		{39748C5C-A222-4780-A37C-FD18F7008F3E}.Release|Any CPU.Build.0 = Release|Any CPU
		{5538D16B-EB1A-4149-B28B-CA3D858FE250}.Debug|Any CPU.ActiveCfg = Debug|Any CPU
		{5538D16B-EB1A-4149-B28B-CA3D858FE250}.Debug|Any CPU.Build.0 = Debug|Any CPU
		{5538D16B-EB1A-4149-B28B-CA3D858FE250}.Release|Any CPU.ActiveCfg = Release|Any CPU
		{5538D16B-EB1A-4149-B28B-CA3D858FE250}.Release|Any CPU.Build.0 = Release|Any CPU
		{B274405A-74E9-4DDA-B9F9-EBBDB8354E9E}.Debug|Any CPU.ActiveCfg = Debug|Any CPU
		{B274405A-74E9-4DDA-B9F9-EBBDB8354E9E}.Debug|Any CPU.Build.0 = Debug|Any CPU
		{B274405A-74E9-4DDA-B9F9-EBBDB8354E9E}.Release|Any CPU.ActiveCfg = Release|Any CPU
		{B274405A-74E9-4DDA-B9F9-EBBDB8354E9E}.Release|Any CPU.Build.0 = Release|Any CPU
		{6FE8A3AB-460F-493A-BBDB-74C575D8C8D7}.Debug|Any CPU.ActiveCfg = Debug|Any CPU
		{6FE8A3AB-460F-493A-BBDB-74C575D8C8D7}.Debug|Any CPU.Build.0 = Debug|Any CPU
		{6FE8A3AB-460F-493A-BBDB-74C575D8C8D7}.Release|Any CPU.ActiveCfg = Release|Any CPU
		{6FE8A3AB-460F-493A-BBDB-74C575D8C8D7}.Release|Any CPU.Build.0 = Release|Any CPU
		{11CC54A4-D2A4-41AF-94C6-76A25305E613}.Debug|Any CPU.ActiveCfg = Debug|Any CPU
		{11CC54A4-D2A4-41AF-94C6-76A25305E613}.Debug|Any CPU.Build.0 = Debug|Any CPU
		{11CC54A4-D2A4-41AF-94C6-76A25305E613}.Release|Any CPU.ActiveCfg = Release|Any CPU
		{11CC54A4-D2A4-41AF-94C6-76A25305E613}.Release|Any CPU.Build.0 = Release|Any CPU
		{79FB3D29-956D-4CE3-8BCF-E3E50CEEB999}.Debug|Any CPU.ActiveCfg = Debug|Any CPU
		{79FB3D29-956D-4CE3-8BCF-E3E50CEEB999}.Debug|Any CPU.Build.0 = Debug|Any CPU
		{79FB3D29-956D-4CE3-8BCF-E3E50CEEB999}.Release|Any CPU.ActiveCfg = Release|Any CPU
		{79FB3D29-956D-4CE3-8BCF-E3E50CEEB999}.Release|Any CPU.Build.0 = Release|Any CPU
		{A701A9BA-86C6-490E-A218-D3781161D2A1}.Debug|Any CPU.ActiveCfg = Debug|Any CPU
		{A701A9BA-86C6-490E-A218-D3781161D2A1}.Debug|Any CPU.Build.0 = Debug|Any CPU
		{A701A9BA-86C6-490E-A218-D3781161D2A1}.Release|Any CPU.ActiveCfg = Release|Any CPU
		{A701A9BA-86C6-490E-A218-D3781161D2A1}.Release|Any CPU.Build.0 = Release|Any CPU
		{E935BC69-7F5D-46F3-A134-70CD7300FEBD}.Debug|Any CPU.ActiveCfg = Debug|Any CPU
		{E935BC69-7F5D-46F3-A134-70CD7300FEBD}.Debug|Any CPU.Build.0 = Debug|Any CPU
		{E935BC69-7F5D-46F3-A134-70CD7300FEBD}.Release|Any CPU.ActiveCfg = Release|Any CPU
		{E935BC69-7F5D-46F3-A134-70CD7300FEBD}.Release|Any CPU.Build.0 = Release|Any CPU
		{6C26EDDF-7F87-4763-A651-12F7F8F25AD0}.Debug|Any CPU.ActiveCfg = Debug|Any CPU
		{6C26EDDF-7F87-4763-A651-12F7F8F25AD0}.Debug|Any CPU.Build.0 = Debug|Any CPU
		{6C26EDDF-7F87-4763-A651-12F7F8F25AD0}.Release|Any CPU.ActiveCfg = Release|Any CPU
		{6C26EDDF-7F87-4763-A651-12F7F8F25AD0}.Release|Any CPU.Build.0 = Release|Any CPU
		{C8931139-2E64-46D2-AC94-9DDE5AD73DC4}.Debug|Any CPU.ActiveCfg = Debug|Any CPU
		{C8931139-2E64-46D2-AC94-9DDE5AD73DC4}.Debug|Any CPU.Build.0 = Debug|Any CPU
		{C8931139-2E64-46D2-AC94-9DDE5AD73DC4}.Release|Any CPU.ActiveCfg = Release|Any CPU
		{C8931139-2E64-46D2-AC94-9DDE5AD73DC4}.Release|Any CPU.Build.0 = Release|Any CPU
		{504E4DAE-0380-4D52-A99F-A2816E900666}.Debug|Any CPU.ActiveCfg = Debug|Any CPU
		{504E4DAE-0380-4D52-A99F-A2816E900666}.Debug|Any CPU.Build.0 = Debug|Any CPU
		{504E4DAE-0380-4D52-A99F-A2816E900666}.Release|Any CPU.ActiveCfg = Release|Any CPU
		{504E4DAE-0380-4D52-A99F-A2816E900666}.Release|Any CPU.Build.0 = Release|Any CPU
		{A3D1AF1F-F77A-47E8-A192-48C79B2C8E3E}.Debug|Any CPU.ActiveCfg = Debug|Any CPU
		{A3D1AF1F-F77A-47E8-A192-48C79B2C8E3E}.Debug|Any CPU.Build.0 = Debug|Any CPU
		{A3D1AF1F-F77A-47E8-A192-48C79B2C8E3E}.Release|Any CPU.ActiveCfg = Release|Any CPU
		{A3D1AF1F-F77A-47E8-A192-48C79B2C8E3E}.Release|Any CPU.Build.0 = Release|Any CPU
		{08309791-F7F4-4466-ADFD-C36491FC2F07}.Debug|Any CPU.ActiveCfg = Debug|Any CPU
		{08309791-F7F4-4466-ADFD-C36491FC2F07}.Debug|Any CPU.Build.0 = Debug|Any CPU
		{08309791-F7F4-4466-ADFD-C36491FC2F07}.Release|Any CPU.ActiveCfg = Release|Any CPU
		{08309791-F7F4-4466-ADFD-C36491FC2F07}.Release|Any CPU.Build.0 = Release|Any CPU
		{5C722229-7B5A-4F16-9B97-8079A28AD9C7}.Debug|Any CPU.ActiveCfg = Debug|Any CPU
		{5C722229-7B5A-4F16-9B97-8079A28AD9C7}.Debug|Any CPU.Build.0 = Debug|Any CPU
		{5C722229-7B5A-4F16-9B97-8079A28AD9C7}.Release|Any CPU.ActiveCfg = Release|Any CPU
		{5C722229-7B5A-4F16-9B97-8079A28AD9C7}.Release|Any CPU.Build.0 = Release|Any CPU
		{8EB222EF-A563-4C57-B6A5-6FC7E85C9F8E}.Debug|Any CPU.ActiveCfg = Debug|Any CPU
		{8EB222EF-A563-4C57-B6A5-6FC7E85C9F8E}.Debug|Any CPU.Build.0 = Debug|Any CPU
		{8EB222EF-A563-4C57-B6A5-6FC7E85C9F8E}.Release|Any CPU.ActiveCfg = Release|Any CPU
		{8EB222EF-A563-4C57-B6A5-6FC7E85C9F8E}.Release|Any CPU.Build.0 = Release|Any CPU
		{5049F437-103C-43A1-81E9-0BFE6962F66F}.Debug|Any CPU.ActiveCfg = Debug|Any CPU
		{5049F437-103C-43A1-81E9-0BFE6962F66F}.Debug|Any CPU.Build.0 = Debug|Any CPU
		{5049F437-103C-43A1-81E9-0BFE6962F66F}.Release|Any CPU.ActiveCfg = Release|Any CPU
		{5049F437-103C-43A1-81E9-0BFE6962F66F}.Release|Any CPU.Build.0 = Release|Any CPU
		{46376797-7593-4FB2-9201-819488B89B90}.Debug|Any CPU.ActiveCfg = Debug|Any CPU
		{46376797-7593-4FB2-9201-819488B89B90}.Debug|Any CPU.Build.0 = Debug|Any CPU
		{46376797-7593-4FB2-9201-819488B89B90}.Release|Any CPU.ActiveCfg = Release|Any CPU
		{46376797-7593-4FB2-9201-819488B89B90}.Release|Any CPU.Build.0 = Release|Any CPU
		{E025A04F-3778-4959-B1CC-F3796274C902}.Debug|Any CPU.ActiveCfg = Debug|Any CPU
		{E025A04F-3778-4959-B1CC-F3796274C902}.Debug|Any CPU.Build.0 = Debug|Any CPU
		{E025A04F-3778-4959-B1CC-F3796274C902}.Release|Any CPU.ActiveCfg = Release|Any CPU
		{E025A04F-3778-4959-B1CC-F3796274C902}.Release|Any CPU.Build.0 = Release|Any CPU
		{A55B7363-39EE-4000-B36D-8920EC15509F}.Debug|Any CPU.ActiveCfg = Debug|Any CPU
		{A55B7363-39EE-4000-B36D-8920EC15509F}.Debug|Any CPU.Build.0 = Debug|Any CPU
		{A55B7363-39EE-4000-B36D-8920EC15509F}.Release|Any CPU.ActiveCfg = Release|Any CPU
		{A55B7363-39EE-4000-B36D-8920EC15509F}.Release|Any CPU.Build.0 = Release|Any CPU
		{9093B246-020B-405A-844F-EAD414D9189E}.Debug|Any CPU.ActiveCfg = Debug|Any CPU
		{9093B246-020B-405A-844F-EAD414D9189E}.Debug|Any CPU.Build.0 = Debug|Any CPU
		{9093B246-020B-405A-844F-EAD414D9189E}.Release|Any CPU.ActiveCfg = Release|Any CPU
		{9093B246-020B-405A-844F-EAD414D9189E}.Release|Any CPU.Build.0 = Release|Any CPU
		{E0FCFAC2-B21C-46BC-8F5A-63D0981988DF}.Debug|Any CPU.ActiveCfg = Debug|Any CPU
		{E0FCFAC2-B21C-46BC-8F5A-63D0981988DF}.Debug|Any CPU.Build.0 = Debug|Any CPU
		{E0FCFAC2-B21C-46BC-8F5A-63D0981988DF}.Release|Any CPU.ActiveCfg = Release|Any CPU
		{E0FCFAC2-B21C-46BC-8F5A-63D0981988DF}.Release|Any CPU.Build.0 = Release|Any CPU
		{98CF84EC-0058-4C5B-98F6-7D13636152E6}.Debug|Any CPU.ActiveCfg = Debug|Any CPU
		{98CF84EC-0058-4C5B-98F6-7D13636152E6}.Debug|Any CPU.Build.0 = Debug|Any CPU
		{98CF84EC-0058-4C5B-98F6-7D13636152E6}.Release|Any CPU.ActiveCfg = Release|Any CPU
		{98CF84EC-0058-4C5B-98F6-7D13636152E6}.Release|Any CPU.Build.0 = Release|Any CPU
		{80433AC2-663F-4963-9AD2-EA4414DED1B8}.Debug|Any CPU.ActiveCfg = Debug|Any CPU
		{80433AC2-663F-4963-9AD2-EA4414DED1B8}.Debug|Any CPU.Build.0 = Debug|Any CPU
		{80433AC2-663F-4963-9AD2-EA4414DED1B8}.Release|Any CPU.ActiveCfg = Release|Any CPU
		{80433AC2-663F-4963-9AD2-EA4414DED1B8}.Release|Any CPU.Build.0 = Release|Any CPU
		{9E32001C-B665-4704-9851-2AD4ACC7B338}.Debug|Any CPU.ActiveCfg = Debug|Any CPU
		{9E32001C-B665-4704-9851-2AD4ACC7B338}.Debug|Any CPU.Build.0 = Debug|Any CPU
		{9E32001C-B665-4704-9851-2AD4ACC7B338}.Release|Any CPU.ActiveCfg = Release|Any CPU
		{9E32001C-B665-4704-9851-2AD4ACC7B338}.Release|Any CPU.Build.0 = Release|Any CPU
		{0D4B374B-DC7B-4701-8EB6-55780B65A2DC}.Debug|Any CPU.ActiveCfg = Debug|Any CPU
		{0D4B374B-DC7B-4701-8EB6-55780B65A2DC}.Debug|Any CPU.Build.0 = Debug|Any CPU
		{0D4B374B-DC7B-4701-8EB6-55780B65A2DC}.Release|Any CPU.ActiveCfg = Release|Any CPU
		{0D4B374B-DC7B-4701-8EB6-55780B65A2DC}.Release|Any CPU.Build.0 = Release|Any CPU
		{BD1395EA-C655-4E3E-B9C2-0947EB28D212}.Debug|Any CPU.ActiveCfg = Debug|Any CPU
		{BD1395EA-C655-4E3E-B9C2-0947EB28D212}.Debug|Any CPU.Build.0 = Debug|Any CPU
		{BD1395EA-C655-4E3E-B9C2-0947EB28D212}.Release|Any CPU.ActiveCfg = Release|Any CPU
		{BD1395EA-C655-4E3E-B9C2-0947EB28D212}.Release|Any CPU.Build.0 = Release|Any CPU
		{C8DEA150-3C12-42E5-91F5-A7518DD3889C}.Debug|Any CPU.ActiveCfg = Debug|Any CPU
		{C8DEA150-3C12-42E5-91F5-A7518DD3889C}.Debug|Any CPU.Build.0 = Debug|Any CPU
		{C8DEA150-3C12-42E5-91F5-A7518DD3889C}.Release|Any CPU.ActiveCfg = Release|Any CPU
		{C8DEA150-3C12-42E5-91F5-A7518DD3889C}.Release|Any CPU.Build.0 = Release|Any CPU
		{85DD14F3-D2C3-4564-8FE2-32A845C8D16C}.Debug|Any CPU.ActiveCfg = Debug|Any CPU
		{85DD14F3-D2C3-4564-8FE2-32A845C8D16C}.Debug|Any CPU.Build.0 = Debug|Any CPU
		{85DD14F3-D2C3-4564-8FE2-32A845C8D16C}.Release|Any CPU.ActiveCfg = Release|Any CPU
		{85DD14F3-D2C3-4564-8FE2-32A845C8D16C}.Release|Any CPU.Build.0 = Release|Any CPU
		{1A0E3AF4-D936-40F2-8267-1CC5C8102AEE}.Debug|Any CPU.ActiveCfg = Debug|Any CPU
		{1A0E3AF4-D936-40F2-8267-1CC5C8102AEE}.Debug|Any CPU.Build.0 = Debug|Any CPU
		{1A0E3AF4-D936-40F2-8267-1CC5C8102AEE}.Release|Any CPU.ActiveCfg = Release|Any CPU
		{1A0E3AF4-D936-40F2-8267-1CC5C8102AEE}.Release|Any CPU.Build.0 = Release|Any CPU
		{801023C4-EF7A-4BA6-8FAD-60AB53C74B55}.Debug|Any CPU.ActiveCfg = Debug|Any CPU
		{801023C4-EF7A-4BA6-8FAD-60AB53C74B55}.Debug|Any CPU.Build.0 = Debug|Any CPU
		{801023C4-EF7A-4BA6-8FAD-60AB53C74B55}.Release|Any CPU.ActiveCfg = Release|Any CPU
		{801023C4-EF7A-4BA6-8FAD-60AB53C74B55}.Release|Any CPU.Build.0 = Release|Any CPU
		{CCCA00A3-BD2E-447F-BC4B-66DBE2D2A05B}.Debug|Any CPU.ActiveCfg = Debug|Any CPU
		{CCCA00A3-BD2E-447F-BC4B-66DBE2D2A05B}.Debug|Any CPU.Build.0 = Debug|Any CPU
		{CCCA00A3-BD2E-447F-BC4B-66DBE2D2A05B}.Release|Any CPU.ActiveCfg = Release|Any CPU
		{CCCA00A3-BD2E-447F-BC4B-66DBE2D2A05B}.Release|Any CPU.Build.0 = Release|Any CPU
		{4CB0A74F-98D7-4248-AE3E-7BC419FB2FCF}.Debug|Any CPU.ActiveCfg = Debug|Any CPU
		{4CB0A74F-98D7-4248-AE3E-7BC419FB2FCF}.Debug|Any CPU.Build.0 = Debug|Any CPU
		{4CB0A74F-98D7-4248-AE3E-7BC419FB2FCF}.Release|Any CPU.ActiveCfg = Release|Any CPU
		{4CB0A74F-98D7-4248-AE3E-7BC419FB2FCF}.Release|Any CPU.Build.0 = Release|Any CPU
		{85840D03-1C6F-4A6B-973F-35496E3F7DCF}.Debug|Any CPU.ActiveCfg = Debug|Any CPU
		{85840D03-1C6F-4A6B-973F-35496E3F7DCF}.Debug|Any CPU.Build.0 = Debug|Any CPU
		{85840D03-1C6F-4A6B-973F-35496E3F7DCF}.Release|Any CPU.ActiveCfg = Release|Any CPU
		{85840D03-1C6F-4A6B-973F-35496E3F7DCF}.Release|Any CPU.Build.0 = Release|Any CPU
		{54AFA328-B301-44AA-9B99-F4EF3404A985}.Debug|Any CPU.ActiveCfg = Debug|Any CPU
		{54AFA328-B301-44AA-9B99-F4EF3404A985}.Debug|Any CPU.Build.0 = Debug|Any CPU
		{54AFA328-B301-44AA-9B99-F4EF3404A985}.Release|Any CPU.ActiveCfg = Release|Any CPU
		{54AFA328-B301-44AA-9B99-F4EF3404A985}.Release|Any CPU.Build.0 = Release|Any CPU
		{C04C629B-30EA-4058-B3D3-F13084493D6F}.Debug|Any CPU.ActiveCfg = Debug|Any CPU
		{C04C629B-30EA-4058-B3D3-F13084493D6F}.Debug|Any CPU.Build.0 = Debug|Any CPU
		{C04C629B-30EA-4058-B3D3-F13084493D6F}.Release|Any CPU.ActiveCfg = Release|Any CPU
		{C04C629B-30EA-4058-B3D3-F13084493D6F}.Release|Any CPU.Build.0 = Release|Any CPU
		{FC5FE317-2589-4A15-9D5E-9DAAE46BF3F8}.Debug|Any CPU.ActiveCfg = Debug|Any CPU
		{FC5FE317-2589-4A15-9D5E-9DAAE46BF3F8}.Debug|Any CPU.Build.0 = Debug|Any CPU
		{FC5FE317-2589-4A15-9D5E-9DAAE46BF3F8}.Release|Any CPU.ActiveCfg = Release|Any CPU
		{FC5FE317-2589-4A15-9D5E-9DAAE46BF3F8}.Release|Any CPU.Build.0 = Release|Any CPU
		{7EACA08A-B038-4680-83B5-7A05D6B7190C}.Debug|Any CPU.ActiveCfg = Debug|Any CPU
		{7EACA08A-B038-4680-83B5-7A05D6B7190C}.Debug|Any CPU.Build.0 = Debug|Any CPU
		{7EACA08A-B038-4680-83B5-7A05D6B7190C}.Release|Any CPU.ActiveCfg = Release|Any CPU
		{7EACA08A-B038-4680-83B5-7A05D6B7190C}.Release|Any CPU.Build.0 = Release|Any CPU
		{108BB222-A4C0-45E5-B4BA-B863555B1FB8}.Debug|Any CPU.ActiveCfg = Debug|Any CPU
		{108BB222-A4C0-45E5-B4BA-B863555B1FB8}.Debug|Any CPU.Build.0 = Debug|Any CPU
		{108BB222-A4C0-45E5-B4BA-B863555B1FB8}.Release|Any CPU.ActiveCfg = Release|Any CPU
		{108BB222-A4C0-45E5-B4BA-B863555B1FB8}.Release|Any CPU.Build.0 = Release|Any CPU
		{B703F275-37EA-4EFD-B826-47F1A933A3E6}.Debug|Any CPU.ActiveCfg = Debug|Any CPU
		{B703F275-37EA-4EFD-B826-47F1A933A3E6}.Debug|Any CPU.Build.0 = Debug|Any CPU
		{B703F275-37EA-4EFD-B826-47F1A933A3E6}.Release|Any CPU.ActiveCfg = Release|Any CPU
		{B703F275-37EA-4EFD-B826-47F1A933A3E6}.Release|Any CPU.Build.0 = Release|Any CPU
		{146A3DA1-2D5D-4DAF-8A28-5A4CDCEA538D}.Debug|Any CPU.ActiveCfg = Debug|Any CPU
		{146A3DA1-2D5D-4DAF-8A28-5A4CDCEA538D}.Debug|Any CPU.Build.0 = Debug|Any CPU
		{146A3DA1-2D5D-4DAF-8A28-5A4CDCEA538D}.Release|Any CPU.ActiveCfg = Release|Any CPU
		{146A3DA1-2D5D-4DAF-8A28-5A4CDCEA538D}.Release|Any CPU.Build.0 = Release|Any CPU
		{DB1D4B77-D0F7-4377-8F09-86EB93812B85}.Debug|Any CPU.ActiveCfg = Debug|Any CPU
		{DB1D4B77-D0F7-4377-8F09-86EB93812B85}.Debug|Any CPU.Build.0 = Debug|Any CPU
		{DB1D4B77-D0F7-4377-8F09-86EB93812B85}.Release|Any CPU.ActiveCfg = Release|Any CPU
		{DB1D4B77-D0F7-4377-8F09-86EB93812B85}.Release|Any CPU.Build.0 = Release|Any CPU
		{DD2F62EE-CA6E-45D4-A80F-85C864E14312}.Debug|Any CPU.ActiveCfg = Debug|Any CPU
		{DD2F62EE-CA6E-45D4-A80F-85C864E14312}.Debug|Any CPU.Build.0 = Debug|Any CPU
		{DD2F62EE-CA6E-45D4-A80F-85C864E14312}.Release|Any CPU.ActiveCfg = Release|Any CPU
		{DD2F62EE-CA6E-45D4-A80F-85C864E14312}.Release|Any CPU.Build.0 = Release|Any CPU
		{7CE26019-0705-4AD3-B359-859BF711A67B}.Debug|Any CPU.ActiveCfg = Debug|Any CPU
		{7CE26019-0705-4AD3-B359-859BF711A67B}.Debug|Any CPU.Build.0 = Debug|Any CPU
		{7CE26019-0705-4AD3-B359-859BF711A67B}.Release|Any CPU.ActiveCfg = Release|Any CPU
		{7CE26019-0705-4AD3-B359-859BF711A67B}.Release|Any CPU.Build.0 = Release|Any CPU
		{3ED40EE1-7609-4ABA-98AA-365490140E91}.Debug|Any CPU.ActiveCfg = Debug|Any CPU
		{3ED40EE1-7609-4ABA-98AA-365490140E91}.Debug|Any CPU.Build.0 = Debug|Any CPU
		{3ED40EE1-7609-4ABA-98AA-365490140E91}.Release|Any CPU.ActiveCfg = Release|Any CPU
		{3ED40EE1-7609-4ABA-98AA-365490140E91}.Release|Any CPU.Build.0 = Release|Any CPU
		{CA991A0C-BFC4-41FC-8058-39D7A7B8C75C}.Debug|Any CPU.ActiveCfg = Debug|Any CPU
		{CA991A0C-BFC4-41FC-8058-39D7A7B8C75C}.Debug|Any CPU.Build.0 = Debug|Any CPU
		{CA991A0C-BFC4-41FC-8058-39D7A7B8C75C}.Release|Any CPU.ActiveCfg = Release|Any CPU
		{CA991A0C-BFC4-41FC-8058-39D7A7B8C75C}.Release|Any CPU.Build.0 = Release|Any CPU
		{08D1DBC7-6227-449C-BDDF-B140E3E13156}.Debug|Any CPU.ActiveCfg = Debug|Any CPU
		{08D1DBC7-6227-449C-BDDF-B140E3E13156}.Debug|Any CPU.Build.0 = Debug|Any CPU
		{08D1DBC7-6227-449C-BDDF-B140E3E13156}.Release|Any CPU.ActiveCfg = Release|Any CPU
		{08D1DBC7-6227-449C-BDDF-B140E3E13156}.Release|Any CPU.Build.0 = Release|Any CPU
		{CE89F726-5A7E-4134-82BC-D6258911E05B}.Debug|Any CPU.ActiveCfg = Debug|Any CPU
		{CE89F726-5A7E-4134-82BC-D6258911E05B}.Debug|Any CPU.Build.0 = Debug|Any CPU
		{CE89F726-5A7E-4134-82BC-D6258911E05B}.Release|Any CPU.ActiveCfg = Release|Any CPU
		{CE89F726-5A7E-4134-82BC-D6258911E05B}.Release|Any CPU.Build.0 = Release|Any CPU
		{A0ABA557-D78C-4E3B-BC8F-4D4AAA89408C}.Debug|Any CPU.ActiveCfg = Debug|Any CPU
		{A0ABA557-D78C-4E3B-BC8F-4D4AAA89408C}.Debug|Any CPU.Build.0 = Debug|Any CPU
		{A0ABA557-D78C-4E3B-BC8F-4D4AAA89408C}.Release|Any CPU.ActiveCfg = Release|Any CPU
		{A0ABA557-D78C-4E3B-BC8F-4D4AAA89408C}.Release|Any CPU.Build.0 = Release|Any CPU
		{63EB2445-5E4B-4226-B201-8F7D98CE39F6}.Debug|Any CPU.ActiveCfg = Debug|Any CPU
		{63EB2445-5E4B-4226-B201-8F7D98CE39F6}.Debug|Any CPU.Build.0 = Debug|Any CPU
		{63EB2445-5E4B-4226-B201-8F7D98CE39F6}.Release|Any CPU.ActiveCfg = Release|Any CPU
		{63EB2445-5E4B-4226-B201-8F7D98CE39F6}.Release|Any CPU.Build.0 = Release|Any CPU
		{0AEC5776-1A25-4CBA-8AF6-306136A682CB}.Debug|Any CPU.ActiveCfg = Debug|Any CPU
		{0AEC5776-1A25-4CBA-8AF6-306136A682CB}.Debug|Any CPU.Build.0 = Debug|Any CPU
		{0AEC5776-1A25-4CBA-8AF6-306136A682CB}.Release|Any CPU.ActiveCfg = Release|Any CPU
		{0AEC5776-1A25-4CBA-8AF6-306136A682CB}.Release|Any CPU.Build.0 = Release|Any CPU
		{2F6013E6-C15F-4641-9412-A1BD54E930AA}.Debug|Any CPU.ActiveCfg = Debug|Any CPU
		{2F6013E6-C15F-4641-9412-A1BD54E930AA}.Debug|Any CPU.Build.0 = Debug|Any CPU
		{2F6013E6-C15F-4641-9412-A1BD54E930AA}.Release|Any CPU.ActiveCfg = Release|Any CPU
		{2F6013E6-C15F-4641-9412-A1BD54E930AA}.Release|Any CPU.Build.0 = Release|Any CPU
		{EE0E7DB3-4673-49E0-A134-EE55105B014A}.Debug|Any CPU.ActiveCfg = Debug|Any CPU
		{EE0E7DB3-4673-49E0-A134-EE55105B014A}.Debug|Any CPU.Build.0 = Debug|Any CPU
		{EE0E7DB3-4673-49E0-A134-EE55105B014A}.Release|Any CPU.ActiveCfg = Release|Any CPU
		{EE0E7DB3-4673-49E0-A134-EE55105B014A}.Release|Any CPU.Build.0 = Release|Any CPU
		{8DC4DACF-A883-4DB0-AD5B-064B03F52719}.Debug|Any CPU.ActiveCfg = Debug|Any CPU
		{8DC4DACF-A883-4DB0-AD5B-064B03F52719}.Debug|Any CPU.Build.0 = Debug|Any CPU
		{8DC4DACF-A883-4DB0-AD5B-064B03F52719}.Release|Any CPU.ActiveCfg = Release|Any CPU
		{8DC4DACF-A883-4DB0-AD5B-064B03F52719}.Release|Any CPU.Build.0 = Release|Any CPU
		{47749DB7-F44B-4896-9CA9-BABBAADAEF38}.Debug|Any CPU.ActiveCfg = Debug|Any CPU
		{47749DB7-F44B-4896-9CA9-BABBAADAEF38}.Debug|Any CPU.Build.0 = Debug|Any CPU
		{47749DB7-F44B-4896-9CA9-BABBAADAEF38}.Release|Any CPU.ActiveCfg = Release|Any CPU
		{47749DB7-F44B-4896-9CA9-BABBAADAEF38}.Release|Any CPU.Build.0 = Release|Any CPU
		{0FAC1B2D-425C-4C04-9267-F7E61599DE36}.Debug|Any CPU.ActiveCfg = Debug|Any CPU
		{0FAC1B2D-425C-4C04-9267-F7E61599DE36}.Debug|Any CPU.Build.0 = Debug|Any CPU
		{0FAC1B2D-425C-4C04-9267-F7E61599DE36}.Release|Any CPU.ActiveCfg = Release|Any CPU
		{0FAC1B2D-425C-4C04-9267-F7E61599DE36}.Release|Any CPU.Build.0 = Release|Any CPU
		{10561B23-E81F-4F35-B6DC-9E5FAD00FAA3}.Debug|Any CPU.ActiveCfg = Debug|Any CPU
		{10561B23-E81F-4F35-B6DC-9E5FAD00FAA3}.Debug|Any CPU.Build.0 = Debug|Any CPU
		{10561B23-E81F-4F35-B6DC-9E5FAD00FAA3}.Release|Any CPU.ActiveCfg = Release|Any CPU
		{10561B23-E81F-4F35-B6DC-9E5FAD00FAA3}.Release|Any CPU.Build.0 = Release|Any CPU
		{289580B4-F709-45F0-A136-C60B7CAF5671}.Debug|Any CPU.ActiveCfg = Debug|Any CPU
		{289580B4-F709-45F0-A136-C60B7CAF5671}.Debug|Any CPU.Build.0 = Debug|Any CPU
		{289580B4-F709-45F0-A136-C60B7CAF5671}.Release|Any CPU.ActiveCfg = Release|Any CPU
		{289580B4-F709-45F0-A136-C60B7CAF5671}.Release|Any CPU.Build.0 = Release|Any CPU
		{5673CA6B-DF13-41D5-B2A6-151CFB3927FE}.Debug|Any CPU.ActiveCfg = Debug|Any CPU
		{5673CA6B-DF13-41D5-B2A6-151CFB3927FE}.Debug|Any CPU.Build.0 = Debug|Any CPU
		{5673CA6B-DF13-41D5-B2A6-151CFB3927FE}.Release|Any CPU.ActiveCfg = Release|Any CPU
		{5673CA6B-DF13-41D5-B2A6-151CFB3927FE}.Release|Any CPU.Build.0 = Release|Any CPU
		{6FE4F787-2E6E-480E-836F-C75572049725}.Debug|Any CPU.ActiveCfg = Debug|Any CPU
		{6FE4F787-2E6E-480E-836F-C75572049725}.Debug|Any CPU.Build.0 = Debug|Any CPU
		{6FE4F787-2E6E-480E-836F-C75572049725}.Release|Any CPU.ActiveCfg = Release|Any CPU
		{6FE4F787-2E6E-480E-836F-C75572049725}.Release|Any CPU.Build.0 = Release|Any CPU
		{02CCC749-FE39-444E-85AD-BBA1769DC373}.Debug|Any CPU.ActiveCfg = Debug|Any CPU
		{02CCC749-FE39-444E-85AD-BBA1769DC373}.Debug|Any CPU.Build.0 = Debug|Any CPU
		{02CCC749-FE39-444E-85AD-BBA1769DC373}.Release|Any CPU.ActiveCfg = Release|Any CPU
		{02CCC749-FE39-444E-85AD-BBA1769DC373}.Release|Any CPU.Build.0 = Release|Any CPU
		{67028289-A3F9-4DF8-9DE4-FD69B5D6AE56}.Debug|Any CPU.ActiveCfg = Debug|Any CPU
		{67028289-A3F9-4DF8-9DE4-FD69B5D6AE56}.Debug|Any CPU.Build.0 = Debug|Any CPU
		{67028289-A3F9-4DF8-9DE4-FD69B5D6AE56}.Release|Any CPU.ActiveCfg = Release|Any CPU
		{67028289-A3F9-4DF8-9DE4-FD69B5D6AE56}.Release|Any CPU.Build.0 = Release|Any CPU
		{D7D01B94-28A1-49B2-955F-252D115E5A43}.Debug|Any CPU.ActiveCfg = Debug|Any CPU
		{D7D01B94-28A1-49B2-955F-252D115E5A43}.Debug|Any CPU.Build.0 = Debug|Any CPU
		{D7D01B94-28A1-49B2-955F-252D115E5A43}.Release|Any CPU.ActiveCfg = Release|Any CPU
		{D7D01B94-28A1-49B2-955F-252D115E5A43}.Release|Any CPU.Build.0 = Release|Any CPU
		{43D5BFF1-324F-4FAF-BFDD-A41A9C0F9C08}.Debug|Any CPU.ActiveCfg = Debug|Any CPU
		{43D5BFF1-324F-4FAF-BFDD-A41A9C0F9C08}.Debug|Any CPU.Build.0 = Debug|Any CPU
		{43D5BFF1-324F-4FAF-BFDD-A41A9C0F9C08}.Release|Any CPU.ActiveCfg = Release|Any CPU
		{43D5BFF1-324F-4FAF-BFDD-A41A9C0F9C08}.Release|Any CPU.Build.0 = Release|Any CPU
		{B530F0AE-2D13-4AD8-9C2F-D4E996622877}.Debug|Any CPU.ActiveCfg = Debug|Any CPU
		{B530F0AE-2D13-4AD8-9C2F-D4E996622877}.Debug|Any CPU.Build.0 = Debug|Any CPU
		{B530F0AE-2D13-4AD8-9C2F-D4E996622877}.Release|Any CPU.ActiveCfg = Release|Any CPU
		{B530F0AE-2D13-4AD8-9C2F-D4E996622877}.Release|Any CPU.Build.0 = Release|Any CPU
		{E045755F-8E78-4067-8C89-828FC1B20E81}.Debug|Any CPU.ActiveCfg = Debug|Any CPU
		{E045755F-8E78-4067-8C89-828FC1B20E81}.Debug|Any CPU.Build.0 = Debug|Any CPU
		{E045755F-8E78-4067-8C89-828FC1B20E81}.Release|Any CPU.ActiveCfg = Release|Any CPU
		{E045755F-8E78-4067-8C89-828FC1B20E81}.Release|Any CPU.Build.0 = Release|Any CPU
		{5104CA67-EFE3-46F1-A7B5-9335A659FC9F}.Debug|Any CPU.ActiveCfg = Debug|Any CPU
		{5104CA67-EFE3-46F1-A7B5-9335A659FC9F}.Debug|Any CPU.Build.0 = Debug|Any CPU
		{5104CA67-EFE3-46F1-A7B5-9335A659FC9F}.Release|Any CPU.ActiveCfg = Release|Any CPU
		{5104CA67-EFE3-46F1-A7B5-9335A659FC9F}.Release|Any CPU.Build.0 = Release|Any CPU
		{EE2D10C8-4FF9-4D82-AB2A-E50DD4E2032C}.Debug|Any CPU.ActiveCfg = Debug|Any CPU
		{EE2D10C8-4FF9-4D82-AB2A-E50DD4E2032C}.Debug|Any CPU.Build.0 = Debug|Any CPU
		{EE2D10C8-4FF9-4D82-AB2A-E50DD4E2032C}.Release|Any CPU.ActiveCfg = Release|Any CPU
		{EE2D10C8-4FF9-4D82-AB2A-E50DD4E2032C}.Release|Any CPU.Build.0 = Release|Any CPU
		{1675883D-70EC-4A50-AAC0-72FBAF493FEF}.Debug|Any CPU.ActiveCfg = Debug|Any CPU
		{1675883D-70EC-4A50-AAC0-72FBAF493FEF}.Debug|Any CPU.Build.0 = Debug|Any CPU
		{1675883D-70EC-4A50-AAC0-72FBAF493FEF}.Release|Any CPU.ActiveCfg = Release|Any CPU
		{1675883D-70EC-4A50-AAC0-72FBAF493FEF}.Release|Any CPU.Build.0 = Release|Any CPU
		{BCF0EA20-1D72-40FB-9161-CD2020932BC4}.Debug|Any CPU.ActiveCfg = Debug|Any CPU
		{BCF0EA20-1D72-40FB-9161-CD2020932BC4}.Debug|Any CPU.Build.0 = Debug|Any CPU
		{BCF0EA20-1D72-40FB-9161-CD2020932BC4}.Release|Any CPU.ActiveCfg = Release|Any CPU
		{BCF0EA20-1D72-40FB-9161-CD2020932BC4}.Release|Any CPU.Build.0 = Release|Any CPU
		{C166DB4D-BDF6-43C3-9E49-3CB276565520}.Debug|Any CPU.ActiveCfg = Debug|Any CPU
		{C166DB4D-BDF6-43C3-9E49-3CB276565520}.Debug|Any CPU.Build.0 = Debug|Any CPU
		{C166DB4D-BDF6-43C3-9E49-3CB276565520}.Release|Any CPU.ActiveCfg = Release|Any CPU
		{C166DB4D-BDF6-43C3-9E49-3CB276565520}.Release|Any CPU.Build.0 = Release|Any CPU
		{20F6933E-CD44-4C19-9A5C-CBDE0E4207E1}.Debug|Any CPU.ActiveCfg = Debug|Any CPU
		{20F6933E-CD44-4C19-9A5C-CBDE0E4207E1}.Debug|Any CPU.Build.0 = Debug|Any CPU
		{20F6933E-CD44-4C19-9A5C-CBDE0E4207E1}.Release|Any CPU.ActiveCfg = Release|Any CPU
		{20F6933E-CD44-4C19-9A5C-CBDE0E4207E1}.Release|Any CPU.Build.0 = Release|Any CPU
		{8CC6C6B2-BDC2-43E2-B961-A58F2E9B7423}.Debug|Any CPU.ActiveCfg = Debug|Any CPU
		{8CC6C6B2-BDC2-43E2-B961-A58F2E9B7423}.Debug|Any CPU.Build.0 = Debug|Any CPU
		{8CC6C6B2-BDC2-43E2-B961-A58F2E9B7423}.Release|Any CPU.ActiveCfg = Release|Any CPU
		{8CC6C6B2-BDC2-43E2-B961-A58F2E9B7423}.Release|Any CPU.Build.0 = Release|Any CPU
	EndGlobalSection
EndGlobal
